// !$*UTF8*$!
{
	archiveVersion = 1;
	classes = {
	};
	objectVersion = 54;
	objects = {

/* Begin PBXAggregateTarget section */
		716C32442A8D5AA40038533B /* DCMTK */ = {
			isa = PBXAggregateTarget;
			buildConfigurationList = 716C32452A8D5AA40038533B /* Build configuration list for PBXAggregateTarget "DCMTK" */;
			buildPhases = (
				716C32482A8D5AAC0038533B /* CMake */,
				716C32492A8D5AB30038533B /* Make */,
			);
			dependencies = (
			);
			name = DCMTK;
			productName = DCMTK;
		};
/* End PBXAggregateTarget section */

/* Begin PBXBuildFile section */
		59391B27144C2454007B330D /* DicomUnEnhancerNIfTIAccessoryViewController.h in Headers */ = {isa = PBXBuildFile; fileRef = 59391B24144C2454007B330D /* DicomUnEnhancerNIfTIAccessoryViewController.h */; };
		59391B28144C2454007B330D /* DicomUnEnhancerNIfTIAccessoryViewController.mm in Sources */ = {isa = PBXBuildFile; fileRef = 59391B25144C2454007B330D /* DicomUnEnhancerNIfTIAccessoryViewController.mm */; };
		59391B2C144C2C7A007B330D /* DicomUnEnhancer+Defaults.h in Headers */ = {isa = PBXBuildFile; fileRef = 59391B2A144C2C7A007B330D /* DicomUnEnhancer+Defaults.h */; };
		59391B2D144C2C7A007B330D /* DicomUnEnhancer+Defaults.mm in Sources */ = {isa = PBXBuildFile; fileRef = 59391B2B144C2C7A007B330D /* DicomUnEnhancer+Defaults.mm */; };
		5939C3AC144713E300A6D158 /* DicomUnEnhancer.h in Headers */ = {isa = PBXBuildFile; fileRef = 5939C3A8144713E300A6D158 /* DicomUnEnhancer.h */; };
		5939C3AD144713E300A6D158 /* DicomUnEnhancer.mm in Sources */ = {isa = PBXBuildFile; fileRef = 5939C3A9144713E300A6D158 /* DicomUnEnhancer.mm */; };
		5939C3AE144713E300A6D158 /* DicomUnEnhancerDCMTK.h in Headers */ = {isa = PBXBuildFile; fileRef = 5939C3AA144713E300A6D158 /* DicomUnEnhancerDCMTK.h */; };
		5939C3AF144713E300A6D158 /* DicomUnEnhancerDCMTK.mm in Sources */ = {isa = PBXBuildFile; fileRef = 5939C3AB144713E300A6D158 /* DicomUnEnhancerDCMTK.mm */; };
		59A48A9314471CFA00B934DD /* DicomUnEnhancer.png in Resources */ = {isa = PBXBuildFile; fileRef = 59A48A9214471CFA00B934DD /* DicomUnEnhancer.png */; };
		7140B4072A9C87F2005470AA /* DicomUnEnhancerDICOMAccessoryViewController.h in Headers */ = {isa = PBXBuildFile; fileRef = 7140B4052A9C87F2005470AA /* DicomUnEnhancerDICOMAccessoryViewController.h */; };
		7140B4082A9C87F2005470AA /* DicomUnEnhancerDICOMAccessoryViewController.m in Sources */ = {isa = PBXBuildFile; fileRef = 7140B4062A9C87F2005470AA /* DicomUnEnhancerDICOMAccessoryViewController.m */; };
		7140B4092A9C882C005470AA /* NIfTIAccessoryView.xib in Resources */ = {isa = PBXBuildFile; fileRef = 7140B40B2A9C882C005470AA /* NIfTIAccessoryView.xib */; };
		7140B40C2A9C8831005470AA /* DICOMAccessoryView.xib in Resources */ = {isa = PBXBuildFile; fileRef = 7140B40E2A9C8831005470AA /* DICOMAccessoryView.xib */; };
		7158D2291F16171600AEBAB5 /* DicomUnEnhancer+Versions.h in Headers */ = {isa = PBXBuildFile; fileRef = 7158D2271F16171600AEBAB5 /* DicomUnEnhancer+Versions.h */; };
		7158D22A1F16171600AEBAB5 /* DicomUnEnhancer+Versions.m in Sources */ = {isa = PBXBuildFile; fileRef = 7158D2281F16171600AEBAB5 /* DicomUnEnhancer+Versions.m */; };
		716C324C2A8D712B0038533B /* OsiriXAPI.framework in Frameworks */ = {isa = PBXBuildFile; fileRef = 716C32312A8D526C0038533B /* OsiriXAPI.framework */; settings = {ATTRIBUTES = (Weak, ); }; };
		716C324E2A8D73D20038533B /* dcm2niix.info.txt in Resources */ = {isa = PBXBuildFile; fileRef = 716C324D2A8D73D20038533B /* dcm2niix.info.txt */; };
		8D5B49B4048680CD000E48DA /* Cocoa.framework in Frameworks */ = {isa = PBXBuildFile; fileRef = 1058C7ADFEA557BF11CA2CBB /* Cocoa.framework */; };
/* End PBXBuildFile section */

/* Begin PBXContainerItemProxy section */
		716C324A2A8D5AE30038533B /* PBXContainerItemProxy */ = {
			isa = PBXContainerItemProxy;
			containerPortal = 089C1669FE841209C02AAC07 /* Project object */;
			proxyType = 1;
			remoteGlobalIDString = 716C32442A8D5AA40038533B;
			remoteInfo = DCMTK;
		};
/* End PBXContainerItemProxy section */

/* Begin PBXFileReference section */
		089C1672FE841209C02AAC07 /* Foundation.framework */ = {isa = PBXFileReference; lastKnownFileType = wrapper.framework; name = Foundation.framework; path = /System/Library/Frameworks/Foundation.framework; sourceTree = "<absolute>"; };
		089C167FFE841241C02AAC07 /* AppKit.framework */ = {isa = PBXFileReference; lastKnownFileType = wrapper.framework; name = AppKit.framework; path = /System/Library/Frameworks/AppKit.framework; sourceTree = "<absolute>"; };
		1058C7ADFEA557BF11CA2CBB /* Cocoa.framework */ = {isa = PBXFileReference; lastKnownFileType = wrapper.framework; name = Cocoa.framework; path = /System/Library/Frameworks/Cocoa.framework; sourceTree = "<absolute>"; };
		59391B24144C2454007B330D /* DicomUnEnhancerNIfTIAccessoryViewController.h */ = {isa = PBXFileReference; fileEncoding = 4; lastKnownFileType = sourcecode.c.h; path = DicomUnEnhancerNIfTIAccessoryViewController.h; sourceTree = "<group>"; };
		59391B25144C2454007B330D /* DicomUnEnhancerNIfTIAccessoryViewController.mm */ = {isa = PBXFileReference; fileEncoding = 4; lastKnownFileType = sourcecode.cpp.objcpp; path = DicomUnEnhancerNIfTIAccessoryViewController.mm; sourceTree = "<group>"; };
		59391B2A144C2C7A007B330D /* DicomUnEnhancer+Defaults.h */ = {isa = PBXFileReference; fileEncoding = 4; lastKnownFileType = sourcecode.c.h; path = "DicomUnEnhancer+Defaults.h"; sourceTree = "<group>"; };
		59391B2B144C2C7A007B330D /* DicomUnEnhancer+Defaults.mm */ = {isa = PBXFileReference; fileEncoding = 4; lastKnownFileType = sourcecode.cpp.objcpp; path = "DicomUnEnhancer+Defaults.mm"; sourceTree = "<group>"; };
		5939C3A8144713E300A6D158 /* DicomUnEnhancer.h */ = {isa = PBXFileReference; fileEncoding = 4; lastKnownFileType = sourcecode.c.h; path = DicomUnEnhancer.h; sourceTree = "<group>"; };
		5939C3A9144713E300A6D158 /* DicomUnEnhancer.mm */ = {isa = PBXFileReference; fileEncoding = 4; lastKnownFileType = sourcecode.cpp.objcpp; path = DicomUnEnhancer.mm; sourceTree = "<group>"; };
		5939C3AA144713E300A6D158 /* DicomUnEnhancerDCMTK.h */ = {isa = PBXFileReference; fileEncoding = 4; lastKnownFileType = sourcecode.c.h; path = DicomUnEnhancerDCMTK.h; sourceTree = "<group>"; };
		5939C3AB144713E300A6D158 /* DicomUnEnhancerDCMTK.mm */ = {isa = PBXFileReference; fileEncoding = 4; lastKnownFileType = sourcecode.cpp.objcpp; path = DicomUnEnhancerDCMTK.mm; sourceTree = "<group>"; };
		59A48A9214471CFA00B934DD /* DicomUnEnhancer.png */ = {isa = PBXFileReference; lastKnownFileType = image.png; path = DicomUnEnhancer.png; sourceTree = "<group>"; };
		713312582AA0B12200423BE6 /* DicomUnEnhancer.xcconfig */ = {isa = PBXFileReference; lastKnownFileType = text.xcconfig; path = DicomUnEnhancer.xcconfig; sourceTree = "<group>"; };
		7140B4052A9C87F2005470AA /* DicomUnEnhancerDICOMAccessoryViewController.h */ = {isa = PBXFileReference; lastKnownFileType = sourcecode.c.h; path = DicomUnEnhancerDICOMAccessoryViewController.h; sourceTree = "<group>"; };
		7140B4062A9C87F2005470AA /* DicomUnEnhancerDICOMAccessoryViewController.m */ = {isa = PBXFileReference; lastKnownFileType = sourcecode.c.objc; path = DicomUnEnhancerDICOMAccessoryViewController.m; sourceTree = "<group>"; };
		7140B40A2A9C882C005470AA /* Base */ = {isa = PBXFileReference; lastKnownFileType = file.xib; name = Base; path = Base.lproj/NIfTIAccessoryView.xib; sourceTree = "<group>"; };
		7140B40D2A9C8831005470AA /* Base */ = {isa = PBXFileReference; lastKnownFileType = file.xib; name = Base; path = Base.lproj/DICOMAccessoryView.xib; sourceTree = "<group>"; };
		7140B41A2A9C9628005470AA /* dcm2niix */ = {isa = PBXFileReference; explicitFileType = "compiled.mach-o.executable"; includeInIndex = 0; path = dcm2niix; sourceTree = BUILT_PRODUCTS_DIR; };
		7158D2271F16171600AEBAB5 /* DicomUnEnhancer+Versions.h */ = {isa = PBXFileReference; fileEncoding = 4; lastKnownFileType = sourcecode.c.h; path = "DicomUnEnhancer+Versions.h"; sourceTree = "<group>"; };
		7158D2281F16171600AEBAB5 /* DicomUnEnhancer+Versions.m */ = {isa = PBXFileReference; fileEncoding = 4; lastKnownFileType = sourcecode.c.objc; path = "DicomUnEnhancer+Versions.m"; sourceTree = "<group>"; };
		716C32312A8D526C0038533B /* OsiriXAPI.framework */ = {isa = PBXFileReference; lastKnownFileType = wrapper.framework; name = OsiriXAPI.framework; path = "DicomUnEnhancer/ThirdParty/OsiriX-API/OsiriXAPI.framework"; sourceTree = "<group>"; };
		716C324D2A8D73D20038533B /* dcm2niix.info.txt */ = {isa = PBXFileReference; fileEncoding = 4; lastKnownFileType = text; path = dcm2niix.info.txt; sourceTree = "<group>"; };
		718A66222702E0890036AC88 /* Scripts */ = {isa = PBXFileReference; lastKnownFileType = folder; name = Scripts; path = DicomUnEnhancer/Scripts; sourceTree = "<group>"; };
		8D5B49B7048680CD000E48DA /* Info.plist */ = {isa = PBXFileReference; fileEncoding = 4; lastKnownFileType = text.plist.xml; name = Info.plist; path = DicomUnEnhancer/Info.plist; sourceTree = "<group>"; };
		AB5D36050680E57E00F4007A /* DicomUnEnhancer.osirixplugin */ = {isa = PBXFileReference; explicitFileType = wrapper.cfbundle; includeInIndex = 0; path = DicomUnEnhancer.osirixplugin; sourceTree = BUILT_PRODUCTS_DIR; };
/* End PBXFileReference section */

/* Begin PBXFrameworksBuildPhase section */
		8D5B49B3048680CD000E48DA /* Frameworks */ = {
			isa = PBXFrameworksBuildPhase;
			buildActionMask = 2147483647;
			files = (
				716C324C2A8D712B0038533B /* OsiriXAPI.framework in Frameworks */,
				8D5B49B4048680CD000E48DA /* Cocoa.framework in Frameworks */,
			);
			runOnlyForDeploymentPostprocessing = 0;
		};
/* End PBXFrameworksBuildPhase section */

/* Begin PBXGroup section */
		089C166AFE841209C02AAC07 /* ExportSeriesAsNifti */ = {
			isa = PBXGroup;
			children = (
				8D5B49B7048680CD000E48DA /* Info.plist */,
				08FB77AFFE84173DC02AAC07 /* Sources */,
				089C167CFE841241C02AAC07 /* Resources */,
				718A66222702E0890036AC88 /* Scripts */,
				713312572AA0B10600423BE6 /* Config */,
				089C1671FE841209C02AAC07 /* Frameworks and Libraries */,
				19C28FB8FE9D52D311CA2CBB /* Products */,
			);
			name = ExportSeriesAsNifti;
			sourceTree = "<group>";
		};
		089C1671FE841209C02AAC07 /* Frameworks and Libraries */ = {
			isa = PBXGroup;
			children = (
				716C32312A8D526C0038533B /* OsiriXAPI.framework */,
				1058C7ADFEA557BF11CA2CBB /* Cocoa.framework */,
				089C1672FE841209C02AAC07 /* Foundation.framework */,
				089C167FFE841241C02AAC07 /* AppKit.framework */,
			);
			name = "Frameworks and Libraries";
			sourceTree = "<group>";
		};
		089C167CFE841241C02AAC07 /* Resources */ = {
			isa = PBXGroup;
			children = (
				716C324D2A8D73D20038533B /* dcm2niix.info.txt */,
				59A48A9214471CFA00B934DD /* DicomUnEnhancer.png */,
			);
			name = Resources;
			path = DicomUnEnhancer/Resources;
			sourceTree = "<group>";
		};
		08FB77AFFE84173DC02AAC07 /* Sources */ = {
			isa = PBXGroup;
			children = (
				5939C3A8144713E300A6D158 /* DicomUnEnhancer.h */,
				5939C3A9144713E300A6D158 /* DicomUnEnhancer.mm */,
				7158D2271F16171600AEBAB5 /* DicomUnEnhancer+Versions.h */,
				7158D2281F16171600AEBAB5 /* DicomUnEnhancer+Versions.m */,
				59391B2A144C2C7A007B330D /* DicomUnEnhancer+Defaults.h */,
				59391B2B144C2C7A007B330D /* DicomUnEnhancer+Defaults.mm */,
				5939C3AA144713E300A6D158 /* DicomUnEnhancerDCMTK.h */,
				5939C3AB144713E300A6D158 /* DicomUnEnhancerDCMTK.mm */,
				7140B40F2A9C8897005470AA /* Views */,
			);
			name = Sources;
			path = DicomUnEnhancer/Sources;
			sourceTree = "<group>";
		};
		19C28FB8FE9D52D311CA2CBB /* Products */ = {
			isa = PBXGroup;
			children = (
				AB5D36050680E57E00F4007A /* DicomUnEnhancer.osirixplugin */,
				7140B41A2A9C9628005470AA /* dcm2niix */,
			);
			name = Products;
			sourceTree = "<group>";
		};
		713312572AA0B10600423BE6 /* Config */ = {
			isa = PBXGroup;
			children = (
				713312582AA0B12200423BE6 /* DicomUnEnhancer.xcconfig */,
			);
			path = Config;
			sourceTree = "<group>";
		};
		7140B40F2A9C8897005470AA /* Views */ = {
			isa = PBXGroup;
			children = (
				7140B40B2A9C882C005470AA /* NIfTIAccessoryView.xib */,
				59391B24144C2454007B330D /* DicomUnEnhancerNIfTIAccessoryViewController.h */,
				59391B25144C2454007B330D /* DicomUnEnhancerNIfTIAccessoryViewController.mm */,
				7140B40E2A9C8831005470AA /* DICOMAccessoryView.xib */,
				7140B4052A9C87F2005470AA /* DicomUnEnhancerDICOMAccessoryViewController.h */,
				7140B4062A9C87F2005470AA /* DicomUnEnhancerDICOMAccessoryViewController.m */,
			);
			name = Views;
			sourceTree = "<group>";
		};
/* End PBXGroup section */

/* Begin PBXHeadersBuildPhase section */
		8D5B49AD048680CD000E48DA /* Headers */ = {
			isa = PBXHeadersBuildPhase;
			buildActionMask = 2147483647;
			files = (
				5939C3AC144713E300A6D158 /* DicomUnEnhancer.h in Headers */,
				7158D2291F16171600AEBAB5 /* DicomUnEnhancer+Versions.h in Headers */,
				5939C3AE144713E300A6D158 /* DicomUnEnhancerDCMTK.h in Headers */,
				7140B4072A9C87F2005470AA /* DicomUnEnhancerDICOMAccessoryViewController.h in Headers */,
				59391B27144C2454007B330D /* DicomUnEnhancerNIfTIAccessoryViewController.h in Headers */,
				59391B2C144C2C7A007B330D /* DicomUnEnhancer+Defaults.h in Headers */,
			);
			runOnlyForDeploymentPostprocessing = 0;
		};
/* End PBXHeadersBuildPhase section */

/* Begin PBXNativeTarget section */
		7140B4192A9C9628005470AA /* dcm2niix */ = {
			isa = PBXNativeTarget;
			buildConfigurationList = 7140B41E2A9C9628005470AA /* Build configuration list for PBXNativeTarget "dcm2niix" */;
			buildPhases = (
				7140B4212A9C9659005470AA /* CMake */,
				7140B4222A9C966D005470AA /* Make */,
				7140B4242A9C9841005470AA /* Sync */,
			);
			buildRules = (
			);
			dependencies = (
			);
			name = dcm2niix;
			productName = dcm2niix;
			productReference = 7140B41A2A9C9628005470AA /* dcm2niix */;
			productType = "com.apple.product-type.tool";
		};
		8D5B49AC048680CD000E48DA /* DicomUnEnhancer */ = {
			isa = PBXNativeTarget;
			buildConfigurationList = CE6A9A9008AC841300D0C1EE /* Build configuration list for PBXNativeTarget "DicomUnEnhancer" */;
			buildPhases = (
				8D5B49AD048680CD000E48DA /* Headers */,
				8D5B49AF048680CD000E48DA /* Resources */,
				713312422A9CCD0200423BE6 /* Copy dcm2niix */,
				8D5B49B1048680CD000E48DA /* Sources */,
				8D5B49B3048680CD000E48DA /* Frameworks */,
			);
			buildRules = (
			);
			dependencies = (
				716C324B2A8D5AE30038533B /* PBXTargetDependency */,
			);
			name = DicomUnEnhancer;
			productInstallPath = "$(HOME)/Library/Bundles";
			productName = Invert;
			productReference = AB5D36050680E57E00F4007A /* DicomUnEnhancer.osirixplugin */;
			productType = "com.apple.product-type.bundle";
		};
/* End PBXNativeTarget section */

/* Begin PBXProject section */
		089C1669FE841209C02AAC07 /* Project object */ = {
			isa = PBXProject;
			attributes = {
				BuildIndependentTargetsInParallel = YES;
				LastUpgradeCheck = 1430;
				TargetAttributes = {
					7140B4192A9C9628005470AA = {
						CreatedOnToolsVersion = 14.3.1;
					};
					716C32442A8D5AA40038533B = {
						CreatedOnToolsVersion = 14.3.1;
						ProvisioningStyle = Automatic;
					};
				};
			};
			buildConfigurationList = CE6A9A9408AC841300D0C1EE /* Build configuration list for PBXProject "DicomUnEnhancer" */;
			compatibilityVersion = "Xcode 8.0";
			developmentRegion = Base;
			hasScannedForEncodings = 1;
			knownRegions = (
				Base,
			);
			mainGroup = 089C166AFE841209C02AAC07 /* ExportSeriesAsNifti */;
			projectDirPath = "";
			projectRoot = "";
			targets = (
				8D5B49AC048680CD000E48DA /* DicomUnEnhancer */,
				716C32442A8D5AA40038533B /* DCMTK */,
				7140B4192A9C9628005470AA /* dcm2niix */,
			);
		};
/* End PBXProject section */

/* Begin PBXResourcesBuildPhase section */
		8D5B49AF048680CD000E48DA /* Resources */ = {
			isa = PBXResourcesBuildPhase;
			buildActionMask = 2147483647;
			files = (
				59A48A9314471CFA00B934DD /* DicomUnEnhancer.png in Resources */,
				7140B4092A9C882C005470AA /* NIfTIAccessoryView.xib in Resources */,
				7140B40C2A9C8831005470AA /* DICOMAccessoryView.xib in Resources */,
				716C324E2A8D73D20038533B /* dcm2niix.info.txt in Resources */,
			);
			runOnlyForDeploymentPostprocessing = 0;
		};
/* End PBXResourcesBuildPhase section */

/* Begin PBXShellScriptBuildPhase section */
		713312422A9CCD0200423BE6 /* Copy dcm2niix */ = {
			isa = PBXShellScriptBuildPhase;
			alwaysOutOfDate = 1;
			buildActionMask = 2147483647;
			files = (
			);
			inputFileListPaths = (
			);
			inputPaths = (
				"",
			);
			name = "Copy dcm2niix";
			outputFileListPaths = (
			);
			outputPaths = (
			);
			runOnlyForDeploymentPostprocessing = 0;
			shellPath = /bin/sh;
			shellScript = "zsh \"DicomUnEnhancer/Scripts/DicomUnEnhancer/Copy-dcm2niix.sh\"\n";
		};
		7140B4212A9C9659005470AA /* CMake */ = {
			isa = PBXShellScriptBuildPhase;
			alwaysOutOfDate = 1;
			buildActionMask = 2147483647;
			files = (
			);
			inputFileListPaths = (
			);
			inputPaths = (
			);
			name = CMake;
			outputFileListPaths = (
			);
			outputPaths = (
			);
			runOnlyForDeploymentPostprocessing = 0;
			shellPath = /bin/sh;
			shellScript = "zsh \"DicomUnEnhancer/Scripts/dcm2niix/CMake.sh\"\n";
		};
		7140B4222A9C966D005470AA /* Make */ = {
			isa = PBXShellScriptBuildPhase;
			alwaysOutOfDate = 1;
			buildActionMask = 2147483647;
			files = (
			);
			inputFileListPaths = (
			);
			inputPaths = (
			);
			name = Make;
			outputFileListPaths = (
			);
			outputPaths = (
			);
			runOnlyForDeploymentPostprocessing = 0;
			shellPath = /bin/sh;
			shellScript = "zsh \"DicomUnEnhancer/Scripts/dcm2niix/Make.sh\"\n";
		};
		7140B4242A9C9841005470AA /* Sync */ = {
			isa = PBXShellScriptBuildPhase;
			alwaysOutOfDate = 1;
			buildActionMask = 2147483647;
			files = (
			);
			inputFileListPaths = (
			);
			inputPaths = (
			);
			name = Sync;
			outputFileListPaths = (
			);
			outputPaths = (
			);
			runOnlyForDeploymentPostprocessing = 0;
			shellPath = /bin/sh;
			shellScript = "zsh \"DicomUnEnhancer/Scripts/dcm2niix/Sync.sh\"\n";
		};
		716C32482A8D5AAC0038533B /* CMake */ = {
			isa = PBXShellScriptBuildPhase;
			alwaysOutOfDate = 1;
			buildActionMask = 2147483647;
			files = (
			);
			inputFileListPaths = (
			);
			inputPaths = (
			);
			name = CMake;
			outputFileListPaths = (
			);
			outputPaths = (
			);
			runOnlyForDeploymentPostprocessing = 0;
			shellPath = /bin/sh;
			shellScript = "sh \"$PROJECT_DIR/DicomUnEnhancer/Scripts/DCMTK/CMake.sh\"\n";
		};
		716C32492A8D5AB30038533B /* Make */ = {
			isa = PBXShellScriptBuildPhase;
			alwaysOutOfDate = 1;
			buildActionMask = 2147483647;
			files = (
			);
			inputFileListPaths = (
			);
			inputPaths = (
			);
			name = Make;
			outputFileListPaths = (
			);
			outputPaths = (
			);
			runOnlyForDeploymentPostprocessing = 0;
			shellPath = /bin/sh;
			shellScript = "sh \"$PROJECT_DIR/DicomUnEnhancer/Scripts/DCMTK/Make.sh\"\n";
		};
/* End PBXShellScriptBuildPhase section */

/* Begin PBXSourcesBuildPhase section */
		8D5B49B1048680CD000E48DA /* Sources */ = {
			isa = PBXSourcesBuildPhase;
			buildActionMask = 2147483647;
			files = (
				7140B4082A9C87F2005470AA /* DicomUnEnhancerDICOMAccessoryViewController.m in Sources */,
				5939C3AD144713E300A6D158 /* DicomUnEnhancer.mm in Sources */,
				7158D22A1F16171600AEBAB5 /* DicomUnEnhancer+Versions.m in Sources */,
				5939C3AF144713E300A6D158 /* DicomUnEnhancerDCMTK.mm in Sources */,
				59391B28144C2454007B330D /* DicomUnEnhancerNIfTIAccessoryViewController.mm in Sources */,
				59391B2D144C2C7A007B330D /* DicomUnEnhancer+Defaults.mm in Sources */,
			);
			runOnlyForDeploymentPostprocessing = 0;
		};
/* End PBXSourcesBuildPhase section */

/* Begin PBXTargetDependency section */
		716C324B2A8D5AE30038533B /* PBXTargetDependency */ = {
			isa = PBXTargetDependency;
			target = 716C32442A8D5AA40038533B /* DCMTK */;
			targetProxy = 716C324A2A8D5AE30038533B /* PBXContainerItemProxy */;
		};
/* End PBXTargetDependency section */

/* Begin PBXVariantGroup section */
		7140B40B2A9C882C005470AA /* NIfTIAccessoryView.xib */ = {
			isa = PBXVariantGroup;
			children = (
				7140B40A2A9C882C005470AA /* Base */,
			);
			name = NIfTIAccessoryView.xib;
			sourceTree = "<group>";
		};
		7140B40E2A9C8831005470AA /* DICOMAccessoryView.xib */ = {
			isa = PBXVariantGroup;
			children = (
				7140B40D2A9C8831005470AA /* Base */,
			);
			name = DICOMAccessoryView.xib;
			sourceTree = "<group>";
		};
/* End PBXVariantGroup section */

/* Begin XCBuildConfiguration section */
		7140B41F2A9C9628005470AA /* Debug */ = {
			isa = XCBuildConfiguration;
			buildSettings = {
				CODE_SIGN_STYLE = Manual;
				DEVELOPMENT_TEAM = R8G9BDMT59;
				ONLY_ACTIVE_ARCH = YES;
				PRODUCT_NAME = "$(TARGET_NAME)";
			};
			name = Debug;
		};
		7140B4202A9C9628005470AA /* Release */ = {
			isa = XCBuildConfiguration;
			buildSettings = {
				CODE_SIGN_STYLE = Manual;
				DEVELOPMENT_TEAM = R8G9BDMT59;
				ONLY_ACTIVE_ARCH = YES;
				PRODUCT_NAME = "$(TARGET_NAME)";
			};
			name = Release;
		};
		716C32462A8D5AA40038533B /* Debug */ = {
			isa = XCBuildConfiguration;
			buildSettings = {
				CODE_SIGN_STYLE = Automatic;
				DEVELOPMENT_TEAM = R8G9BDMT59;
				PRODUCT_NAME = "$(TARGET_NAME)";
			};
			name = Debug;
		};
		716C32472A8D5AA40038533B /* Release */ = {
			isa = XCBuildConfiguration;
			buildSettings = {
				CODE_SIGN_STYLE = Automatic;
				DEVELOPMENT_TEAM = R8G9BDMT59;
				PRODUCT_NAME = "$(TARGET_NAME)";
			};
			name = Release;
		};
		CE6A9A9108AC841300D0C1EE /* Debug */ = {
			isa = XCBuildConfiguration;
			baseConfigurationReference = 713312582AA0B12200423BE6 /* DicomUnEnhancer.xcconfig */;
			buildSettings = {
				CODE_SIGN_IDENTITY = "Apple Development";
				CODE_SIGN_STYLE = Automatic;
				COMBINE_HIDPI_IMAGES = YES;
				COPY_PHASE_STRIP = NO;
				DEBUGGING_SYMBOLS = YES;
				DEVELOPMENT_TEAM = R8G9BDMT59;
				FRAMEWORK_SEARCH_PATHS = "$(inherited)";
				GCC_GENERATE_DEBUGGING_SYMBOLS = YES;
				GCC_OPTIMIZATION_LEVEL = 0;
				HEADER_SEARCH_PATHS = "$(inherited)";
				INFOPLIST_FILE = DicomUnEnhancer/Info.plist;
				INSTALL_PATH = /Plugins;
				LIBRARY_STYLE = Bundle;
				OTHER_CFLAGS = (
					"-Wno-quoted-include-in-framework-header",
					"-Wno-nonportable-include-path",
					"-Wno-shorten-64-to-32",
				);
				PRODUCT_BUNDLE_IDENTIFIER = io.volz.dicomunenhancer;
				PRODUCT_NAME = DicomUnEnhancer;
				PROVISIONING_PROFILE_SPECIFIER = "";
				WRAPPER_EXTENSION = osirixplugin;
				ZERO_LINK = NO;
			};
			name = Debug;
		};
		CE6A9A9208AC841300D0C1EE /* Release */ = {
			isa = XCBuildConfiguration;
			baseConfigurationReference = 713312582AA0B12200423BE6 /* DicomUnEnhancer.xcconfig */;
			buildSettings = {
				CODE_SIGN_IDENTITY = "Apple Development";
				CODE_SIGN_STYLE = Automatic;
				COMBINE_HIDPI_IMAGES = YES;
				COPY_PHASE_STRIP = YES;
				DEVELOPMENT_TEAM = R8G9BDMT59;
				FRAMEWORK_SEARCH_PATHS = "$(inherited)";
				HEADER_SEARCH_PATHS = "$(inherited)";
				INFOPLIST_FILE = DicomUnEnhancer/Info.plist;
				INSTALL_PATH = /Plugins;
				LIBRARY_STYLE = Bundle;
				OTHER_CFLAGS = (
					"-Wno-quoted-include-in-framework-header",
					"-Wno-nonportable-include-path",
					"-Wno-shorten-64-to-32",
				);
				PRODUCT_BUNDLE_IDENTIFIER = io.volz.dicomunenhancer;
				PRODUCT_NAME = DicomUnEnhancer;
				PROVISIONING_PROFILE_SPECIFIER = "";
				WRAPPER_EXTENSION = osirixplugin;
				ZERO_LINK = NO;
			};
			name = Release;
		};
		CE6A9A9508AC841300D0C1EE /* Debug */ = {
			isa = XCBuildConfiguration;
			buildSettings = {
				ALWAYS_SEARCH_USER_PATHS = NO;
				ARCHS = "$(ARCHS_STANDARD)";
				CLANG_CXX_LANGUAGE_STANDARD = "gnu++0x";
				CLANG_CXX_LIBRARY = "libc++";
				CLANG_WARN_BLOCK_CAPTURE_AUTORELEASING = YES;
				CLANG_WARN_BOOL_CONVERSION = YES;
				CLANG_WARN_COMMA = YES;
				CLANG_WARN_CONSTANT_CONVERSION = YES;
				CLANG_WARN_DEPRECATED_OBJC_IMPLEMENTATIONS = YES;
				CLANG_WARN_EMPTY_BODY = YES;
				CLANG_WARN_ENUM_CONVERSION = YES;
				CLANG_WARN_INFINITE_RECURSION = YES;
				CLANG_WARN_INT_CONVERSION = YES;
				CLANG_WARN_NON_LITERAL_NULL_CONVERSION = YES;
				CLANG_WARN_OBJC_IMPLICIT_RETAIN_SELF = YES;
				CLANG_WARN_OBJC_LITERAL_CONVERSION = YES;
				CLANG_WARN_QUOTED_INCLUDE_IN_FRAMEWORK_HEADER = YES;
				CLANG_WARN_RANGE_LOOP_ANALYSIS = YES;
				CLANG_WARN_STRICT_PROTOTYPES = YES;
				CLANG_WARN_SUSPICIOUS_MOVE = YES;
				CLANG_WARN_UNREACHABLE_CODE = YES;
				CLANG_WARN__DUPLICATE_METHOD_MATCH = YES;
				ENABLE_STRICT_OBJC_MSGSEND = YES;
				ENABLE_TESTABILITY = YES;
				GCC_NO_COMMON_BLOCKS = YES;
				GCC_WARN_64_TO_32_BIT_CONVERSION = YES;
				GCC_WARN_ABOUT_RETURN_TYPE = YES;
				GCC_WARN_UNDECLARED_SELECTOR = YES;
				GCC_WARN_UNINITIALIZED_AUTOS = YES;
				GCC_WARN_UNUSED_FUNCTION = YES;
				GCC_WARN_UNUSED_VARIABLE = YES;
				MACOSX_DEPLOYMENT_TARGET = 11.0;
				ONLY_ACTIVE_ARCH = YES;
				SDKROOT = macosx;
			};
			name = Debug;
		};
		CE6A9A9608AC841300D0C1EE /* Release */ = {
			isa = XCBuildConfiguration;
			buildSettings = {
				ALWAYS_SEARCH_USER_PATHS = NO;
				ARCHS = "$(ARCHS_STANDARD)";
				CLANG_CXX_LANGUAGE_STANDARD = "gnu++0x";
				CLANG_CXX_LIBRARY = "libc++";
				CLANG_WARN_BLOCK_CAPTURE_AUTORELEASING = YES;
				CLANG_WARN_BOOL_CONVERSION = YES;
				CLANG_WARN_COMMA = YES;
				CLANG_WARN_CONSTANT_CONVERSION = YES;
				CLANG_WARN_DEPRECATED_OBJC_IMPLEMENTATIONS = YES;
				CLANG_WARN_EMPTY_BODY = YES;
				CLANG_WARN_ENUM_CONVERSION = YES;
				CLANG_WARN_INFINITE_RECURSION = YES;
				CLANG_WARN_INT_CONVERSION = YES;
				CLANG_WARN_NON_LITERAL_NULL_CONVERSION = YES;
				CLANG_WARN_OBJC_IMPLICIT_RETAIN_SELF = YES;
				CLANG_WARN_OBJC_LITERAL_CONVERSION = YES;
				CLANG_WARN_QUOTED_INCLUDE_IN_FRAMEWORK_HEADER = YES;
				CLANG_WARN_RANGE_LOOP_ANALYSIS = YES;
				CLANG_WARN_STRICT_PROTOTYPES = YES;
				CLANG_WARN_SUSPICIOUS_MOVE = YES;
				CLANG_WARN_UNREACHABLE_CODE = YES;
				CLANG_WARN__DUPLICATE_METHOD_MATCH = YES;
				ENABLE_STRICT_OBJC_MSGSEND = YES;
				GCC_NO_COMMON_BLOCKS = YES;
				GCC_WARN_64_TO_32_BIT_CONVERSION = YES;
				GCC_WARN_ABOUT_RETURN_TYPE = YES;
				GCC_WARN_UNDECLARED_SELECTOR = YES;
				GCC_WARN_UNINITIALIZED_AUTOS = YES;
				GCC_WARN_UNUSED_FUNCTION = YES;
				GCC_WARN_UNUSED_VARIABLE = YES;
				MACOSX_DEPLOYMENT_TARGET = 11.0;
				SDKROOT = macosx;
			};
			name = Release;
		};
/* End XCBuildConfiguration section */

/* Begin XCConfigurationList section */
		7140B41E2A9C9628005470AA /* Build configuration list for PBXNativeTarget "dcm2niix" */ = {
			isa = XCConfigurationList;
			buildConfigurations = (
				7140B41F2A9C9628005470AA /* Debug */,
				7140B4202A9C9628005470AA /* Release */,
			);
			defaultConfigurationIsVisible = 0;
			defaultConfigurationName = Debug;
		};
		716C32452A8D5AA40038533B /* Build configuration list for PBXAggregateTarget "DCMTK" */ = {
			isa = XCConfigurationList;
			buildConfigurations = (
				716C32462A8D5AA40038533B /* Debug */,
				716C32472A8D5AA40038533B /* Release */,
			);
			defaultConfigurationIsVisible = 0;
			defaultConfigurationName = Debug;
		};
		CE6A9A9008AC841300D0C1EE /* Build configuration list for PBXNativeTarget "DicomUnEnhancer" */ = {
			isa = XCConfigurationList;
			buildConfigurations = (
				CE6A9A9108AC841300D0C1EE /* Debug */,
				CE6A9A9208AC841300D0C1EE /* Release */,
			);
			defaultConfigurationIsVisible = 0;
			defaultConfigurationName = Debug;
		};
		CE6A9A9408AC841300D0C1EE /* Build configuration list for PBXProject "DicomUnEnhancer" */ = {
			isa = XCConfigurationList;
			buildConfigurations = (
				CE6A9A9508AC841300D0C1EE /* Debug */,
				CE6A9A9608AC841300D0C1EE /* Release */,
			);
			defaultConfigurationIsVisible = 0;
			defaultConfigurationName = Debug;
		};
/* End XCConfigurationList section */
	};
	rootObject = 089C1669FE841209C02AAC07 /* Project object */;
}
